PODS:
  - OpenTelemetryApi (0.1.0)
  - OpenTelemetrySdk (0.1.0):
    - OpenTelemetryApi

DEPENDENCIES:
  - OpenTelemetryApi (from `../../`)
  - OpenTelemetrySdk (from `../../`)

EXTERNAL SOURCES:
  OpenTelemetryApi:
    :path: "../../"
  OpenTelemetrySdk:
    :path: "../../"

SPEC CHECKSUMS:
  OpenTelemetryApi: a69e7aafa792e9641723a7d7c955e4146dd08571
  OpenTelemetrySdk: 123067dbc6b03360940423f1b597af164926546c

PODFILE CHECKSUM: 964ffcc641c3fdf33e52f59250fa71e802c11079

COCOAPODS: 1.11.3
