PODS:
  - OpenTelemetryApi (0.1.0)
  - OpenTelemetrySdk (0.1.0)

DEPENDENCIES:
  - OpenTelemetryApi (from `../../`)
  - OpenTelemetrySdk (from `../../`)

EXTERNAL SOURCES:
  OpenTelemetryApi:
    :path: "../../"
  OpenTelemetrySdk:
    :path: "../../"

SPEC CHECKSUMS:
  OpenTelemetryApi: a69e7aafa792e9641723a7d7c955e4146dd08571
  OpenTelemetrySdk: d8eacb1e43935533cda1b1cd55bde69f3783d713

PODFILE CHECKSUM: 964ffcc641c3fdf33e52f59250fa71e802c11079

COCOAPODS: 1.11.3
